
Microsoft Visual Studio Solution File, Format Version 12.00
# Visual Studio Version 17
VisualStudioVersion = 17.1.32328.378
MinimumVisualStudioVersion = 10.0.40219.1
Project("{FAE04EC0-301F-11D3-BF4B-00C04F79EFBC}") = "CustomerWeb", "CustomerWeb\CustomerWeb.csproj", "{95276F17-AD91-4F28-8D22-6CADE8E24757}"
EndProject
Project("{FAE04EC0-301F-11D3-BF4B-00C04F79EFBC}") = "CustomerData", "CustomerData\CustomerData.csproj", "{A56E66F9-8531-4E45-A14F-D170A2124A4F}"
EndProject
Global
	GlobalSection(SolutionConfigurationPlatforms) = preSolution
		Debug|Any CPU = Debug|Any CPU
		Release|Any CPU = Release|Any CPU
	EndGlobalSection
	GlobalSection(ProjectConfigurationPlatforms) = postSolution
		{95276F17-AD91-4F28-8D22-6CADE8E24757}.Debug|Any CPU.ActiveCfg = Debug|Any CPU
		{95276F17-AD91-4F28-8D22-6CADE8E24757}.Debug|Any CPU.Build.0 = Debug|Any CPU
		{95276F17-AD91-4F28-8D22-6CADE8E24757}.Release|Any CPU.ActiveCfg = Release|Any CPU
		{95276F17-AD91-4F28-8D22-6CADE8E24757}.Release|Any CPU.Build.0 = Release|Any CPU
		{A56E66F9-8531-4E45-A14F-D170A2124A4F}.Debug|Any CPU.ActiveCfg = Debug|Any CPU
		{A56E66F9-8531-4E45-A14F-D170A2124A4F}.Debug|Any CPU.Build.0 = Debug|Any CPU
		{A56E66F9-8531-4E45-A14F-D170A2124A4F}.Release|Any CPU.ActiveCfg = Release|Any CPU
		{A56E66F9-8531-4E45-A14F-D170A2124A4F}.Release|Any CPU.Build.0 = Release|Any CPU
	EndGlobalSection
	GlobalSection(SolutionProperties) = preSolution
		HideSolutionNode = FALSE
	EndGlobalSection
	GlobalSection(ExtensibilityGlobals) = postSolution
		SolutionGuid = {9CED04FC-9409-4512-BCD8-476156672203}
	EndGlobalSection
EndGlobal
